
Microsoft Visual Studio Solution File, Format Version 12.00
# Visual Studio 14
VisualStudioVersion = 14.0.25123.0
MinimumVisualStudioVersion = 10.0.40219.1
Project("{FAE04EC0-301F-11D3-BF4B-00C04F79EFBC}") = "GoertzelOnTheFly", "GoertzelOnFly\GoertzelOnTheFly.csproj", "{F34685BA-5C58-4C7B-9901-9BC67368C0FF}"
EndProject
Project("{FAE04EC0-301F-11D3-BF4B-00C04F79EFBC}") = "oscilograph", "oscilograph\oscilograph.csproj", "{497179A3-49E2-47A2-9CD1-293455F8FD07}"
EndProject
Global
	GlobalSection(SolutionConfigurationPlatforms) = preSolution
		Debug|Any CPU = Debug|Any CPU
		Release|Any CPU = Release|Any CPU
	EndGlobalSection
	GlobalSection(ProjectConfigurationPlatforms) = postSolution
		{F34685BA-5C58-4C7B-9901-9BC67368C0FF}.Debug|Any CPU.ActiveCfg = Debug|Any CPU
		{F34685BA-5C58-4C7B-9901-9BC67368C0FF}.Debug|Any CPU.Build.0 = Debug|Any CPU
		{F34685BA-5C58-4C7B-9901-9BC67368C0FF}.Release|Any CPU.ActiveCfg = Release|Any CPU
		{F34685BA-5C58-4C7B-9901-9BC67368C0FF}.Release|Any CPU.Build.0 = Release|Any CPU
		{497179A3-49E2-47A2-9CD1-293455F8FD07}.Debug|Any CPU.ActiveCfg = Debug|Any CPU
		{497179A3-49E2-47A2-9CD1-293455F8FD07}.Debug|Any CPU.Build.0 = Debug|Any CPU
		{497179A3-49E2-47A2-9CD1-293455F8FD07}.Release|Any CPU.ActiveCfg = Release|Any CPU
		{497179A3-49E2-47A2-9CD1-293455F8FD07}.Release|Any CPU.Build.0 = Release|Any CPU
	EndGlobalSection
	GlobalSection(SolutionProperties) = preSolution
		HideSolutionNode = FALSE
	EndGlobalSection
EndGlobal
